<?xml version="1.0" encoding="utf-8"?>
<Project ToolsVersion="4.0" xmlns="http://schemas.microsoft.com/developer/msbuild/2003">
  <ItemGroup>
    <Filter Include="Source Files">
      <UniqueIdentifier>{4FC737F1-C7A5-4376-A066-2A32D752A2FF}</UniqueIdentifier>
      <Extensions>cpp;cxx;c;def</Extensions>
    </Filter>
    <Filter Include="Header Files">
      <UniqueIdentifier>{93995380-89BD-4b04-88EB-625FBE52EBFB}</UniqueIdentifier>
      <Extensions>h</Extensions>
    </Filter>
    <Filter Include="Form Files">
      <UniqueIdentifier>{99349809-55BA-4b9d-BF79-8FDBB0286EB3}</UniqueIdentifier>
      <Extensions>ui</Extensions>
    </Filter>
    <Filter Include="Resource Files">
      <UniqueIdentifier>{D9D6E242-F8AF-46E4-B9FD-80ECBC20BA3E}</UniqueIdentifier>
      <Extensions>qrc;*</Extensions>
      <ParseFiles>false</ParseFiles>
    </Filter>
    <Filter Include="Generated Files">
      <UniqueIdentifier>{71ED8ED8-ACB9-4CE9-BBE1-E00B30144E11}</UniqueIdentifier>
      <Extensions>moc;h;cpp</Extensions>
      <SourceControlFiles>False</SourceControlFiles>
    </Filter>
    <Filter Include="Generated Files\Debug">
      <UniqueIdentifier>{c00b7937-bb54-440d-a860-0b6620220e3c}</UniqueIdentifier>
      <Extensions>cpp;moc</Extensions>
      <SourceControlFiles>False</SourceControlFiles>
    </Filter>
    <Filter Include="Generated Files\Release">
      <UniqueIdentifier>{b8f8e98a-74fc-4cc2-b28b-87ceb52ec69d}</UniqueIdentifier>
      <Extensions>cpp;moc</Extensions>
      <SourceControlFiles>False</SourceControlFiles>
    </Filter>
    <Filter Include="Header Files\FrameDiff">
      <UniqueIdentifier>{92e92bc6-4384-438d-87b1-d9ef2ae6191e}</UniqueIdentifier>
    </Filter>
    <Filter Include="Source Files\FrameDiff">
      <UniqueIdentifier>{c8112062-a53d-4ef4-8113-97617537833a}</UniqueIdentifier>
    </Filter>
    <Filter Include="Header Files\Color">
      <UniqueIdentifier>{6bfb8900-76f1-4297-a76b-ed9e4e6a744f}</UniqueIdentifier>
    </Filter>
    <Filter Include="Source Files\Color">
      <UniqueIdentifier>{fbc0ccd3-f624-4037-9cba-d291c497ae1e}</UniqueIdentifier>
    </Filter>
    <Filter Include="Header Files\Utils">
      <UniqueIdentifier>{e862dc8b-cd72-4eac-98b5-d44d8e8354ef}</UniqueIdentifier>
    </Filter>
    <Filter Include="Source Files\Utils">
      <UniqueIdentifier>{bf60df87-4ac1-437e-a4bb-ee5ced69b360}</UniqueIdentifier>
    </Filter>
    <Filter Include="Header Files\ErrorAnalysis">
      <UniqueIdentifier>{fb4b1baa-4047-48f1-aed8-c99ff60d1dce}</UniqueIdentifier>
    </Filter>
    <Filter Include="Source Files\ErrorAnalysis">
      <UniqueIdentifier>{af2dc2b0-313e-4890-972f-c87b64120a8e}</UniqueIdentifier>
    </Filter>
    <Filter Include="Header Files\Position">
      <UniqueIdentifier>{fca188d1-3c6a-4078-983d-ad4783380841}</UniqueIdentifier>
    </Filter>
    <Filter Include="Source Files\Position">
      <UniqueIdentifier>{8e15ce14-67a5-4204-9926-884db1819992}</UniqueIdentifier>
    </Filter>
    <Filter Include="Source Files\Shape">
      <UniqueIdentifier>{d3869e60-f2b8-43d4-8581-80f7e1106443}</UniqueIdentifier>
    </Filter>
    <Filter Include="Header Files\Shape">
      <UniqueIdentifier>{68b72844-5eb1-476f-81f9-41006e64879d}</UniqueIdentifier>
    </Filter>
  </ItemGroup>
  <ItemGroup>
    <ClCompile Include="main.cpp">
      <Filter>Source Files</Filter>
    </ClCompile>
    <ClCompile Include="performer.cpp">
      <Filter>Source Files</Filter>
    </ClCompile>
    <ClCompile Include="GeneratedFiles\Debug\moc_performer.cpp">
      <Filter>Generated Files\Debug</Filter>
    </ClCompile>
    <ClCompile Include="GeneratedFiles\Release\moc_performer.cpp">
      <Filter>Generated Files\Release</Filter>
    </ClCompile>
    <ClCompile Include="GeneratedFiles\qrc_performer.cpp">
      <Filter>Generated Files</Filter>
    </ClCompile>
    <ClCompile Include="FrameDifference.cpp">
      <Filter>Source Files\FrameDiff</Filter>
    </ClCompile>
    <ClCompile Include="ColorDistribution.cpp">
      <Filter>Source Files\Color</Filter>
    </ClCompile>
    <ClCompile Include="SaliencyDetector.cpp">
      <Filter>Source Files\FrameDiff</Filter>
    </ClCompile>
    <ClCompile Include="VideoCreator.cpp">
      <Filter>Source Files\FrameDiff</Filter>
    </ClCompile>
    <ClCompile Include="BoxDistribution.cpp">
      <Filter>Source Files\Position</Filter>
    </ClCompile>
    <ClCompile Include="Utils.cpp">
      <Filter>Source Files\Utils</Filter>
    </ClCompile>
    <ClCompile Include="PathManager.cpp">
      <Filter>Source Files\Utils</Filter>
    </ClCompile>
    <ClCompile Include="ErrorAnalyzer.cpp">
      <Filter>Source Files\ErrorAnalysis</Filter>
    </ClCompile>
    <ClCompile Include="MovementDetector.cpp">
      <Filter>Source Files\Position</Filter>
    </ClCompile>
    <ClCompile Include="FingerLength.cpp">
      <Filter>Source Files\Shape</Filter>
    </ClCompile>
    <ClCompile Include="PointingDirection.cpp">
      <Filter>Source Files\Shape</Filter>
    </ClCompile>
  </ItemGroup>
  <ItemGroup>
    <CustomBuild Include="performer.h">
      <Filter>Header Files</Filter>
    </CustomBuild>
    <CustomBuild Include="performer.ui">
      <Filter>Form Files</Filter>
    </CustomBuild>
    <CustomBuild Include="performer.qrc">
      <Filter>Resource Files</Filter>
    </CustomBuild>
  </ItemGroup>
  <ItemGroup>
    <ClInclude Include="GeneratedFiles\ui_performer.h">
      <Filter>Generated Files</Filter>
    </ClInclude>
    <ClInclude Include="FrameDifference.h">
      <Filter>Header Files\FrameDiff</Filter>
    </ClInclude>
    <ClInclude Include="ColorDistribution.h">
      <Filter>Header Files\Color</Filter>
    </ClInclude>
    <ClInclude Include="SaliencyDetector.h">
      <Filter>Header Files\FrameDiff</Filter>
    </ClInclude>
    <ClInclude Include="VideoCreator.h">
      <Filter>Header Files\FrameDiff</Filter>
    </ClInclude>
    <ClInclude Include="BoxDistribution.h">
      <Filter>Header Files\Position</Filter>
    </ClInclude>
    <ClInclude Include="Utils.h">
      <Filter>Header Files\Utils</Filter>
    </ClInclude>
    <ClInclude Include="PathManager.h">
      <Filter>Header Files\Utils</Filter>
    </ClInclude>
    <ClInclude Include="common.h">
      <Filter>Header Files\Utils</Filter>
    </ClInclude>
    <ClInclude Include="ErrorAnalyzer.h">
      <Filter>Header Files\ErrorAnalysis</Filter>
    </ClInclude>
    <ClInclude Include="MovementDetector.h">
      <Filter>Header Files\Position</Filter>
    </ClInclude>
    <ClInclude Include="FingerLength.h">
      <Filter>Header Files\Shape</Filter>
    </ClInclude>
    <ClInclude Include="PointingDirection.h">
      <Filter>Header Files\Shape</Filter>
    </ClInclude>
  </ItemGroup>
</Project>